
Microsoft Visual Studio Solution File, Format Version 12.00
# Visual Studio Version 16
VisualStudioVersion = 16.0.31911.196
MinimumVisualStudioVersion = 10.0.40219.1
Project("{FAE04EC0-301F-11D3-BF4B-00C04F79EFBC}") = "ListOfBalancesConsole", "ListOfBalancesConsole\ListOfBalancesConsole.csproj", "{535F8014-0037-49B9-A4A9-1707C8E12AC7}"
EndProject
Global
	GlobalSection(SolutionConfigurationPlatforms) = preSolution
		Debug|Any CPU = Debug|Any CPU
		Release|Any CPU = Release|Any CPU
	EndGlobalSection
	GlobalSection(ProjectConfigurationPlatforms) = postSolution
		{535F8014-0037-49B9-A4A9-1707C8E12AC7}.Debug|Any CPU.ActiveCfg = Debug|Any CPU
		{535F8014-0037-49B9-A4A9-1707C8E12AC7}.Debug|Any CPU.Build.0 = Debug|Any CPU
		{535F8014-0037-49B9-A4A9-1707C8E12AC7}.Release|Any CPU.ActiveCfg = Release|Any CPU
		{535F8014-0037-49B9-A4A9-1707C8E12AC7}.Release|Any CPU.Build.0 = Release|Any CPU
	EndGlobalSection
	GlobalSection(SolutionProperties) = preSolution
		HideSolutionNode = FALSE
	EndGlobalSection
	GlobalSection(ExtensibilityGlobals) = postSolution
		SolutionGuid = {D217CE93-1C72-4D7A-87C7-11AF14EB4856}
	EndGlobalSection
EndGlobal
